
Microsoft Visual Studio Solution File, Format Version 12.00
# Visual Studio 15
VisualStudioVersion = 15.0.27703.2018
MinimumVisualStudioVersion = 10.0.40219.1
Project("{8BC9CEB8-8B4A-11D0-8D11-00A0C91BC942}") = "Kaleidoscope_OOP", "Kaleidoscope_OOP\Kaleidoscope_OOP.vcxproj", "{AAFCA1CA-F678-4124-8A03-260D6B01504A}"
EndProject
Global
	GlobalSection(SolutionConfigurationPlatforms) = preSolution
		Debug|x64 = Debug|x64
		Debug|x86 = Debug|x86
		Release|x64 = Release|x64
		Release|x86 = Release|x86
	EndGlobalSection
	GlobalSection(ProjectConfigurationPlatforms) = postSolution
		{AAFCA1CA-F678-4124-8A03-260D6B01504A}.Debug|x64.ActiveCfg = Debug|x64
		{AAFCA1CA-F678-4124-8A03-260D6B01504A}.Debug|x64.Build.0 = Debug|x64
		{AAFCA1CA-F678-4124-8A03-260D6B01504A}.Debug|x86.ActiveCfg = Debug|Win32
		{AAFCA1CA-F678-4124-8A03-260D6B01504A}.Debug|x86.Build.0 = Debug|Win32
		{AAFCA1CA-F678-4124-8A03-260D6B01504A}.Release|x64.ActiveCfg = Release|x64
		{AAFCA1CA-F678-4124-8A03-260D6B01504A}.Release|x64.Build.0 = Release|x64
		{AAFCA1CA-F678-4124-8A03-260D6B01504A}.Release|x86.ActiveCfg = Release|Win32
		{AAFCA1CA-F678-4124-8A03-260D6B01504A}.Release|x86.Build.0 = Release|Win32
	EndGlobalSection
	GlobalSection(SolutionProperties) = preSolution
		HideSolutionNode = FALSE
	EndGlobalSection
	GlobalSection(ExtensibilityGlobals) = postSolution
		SolutionGuid = {C00D5C70-916B-4F45-9587-F7F7D305E126}
	EndGlobalSection
EndGlobal
